<?xml version="1.0" encoding="utf-8"?>
<Project ToolsVersion="4.0" xmlns="http://schemas.microsoft.com/developer/msbuild/2003">
  <ItemGroup>
    <Filter Include="소스 파일">
      <UniqueIdentifier>{4FC737F1-C7A5-4376-A066-2A32D752A2FF}</UniqueIdentifier>
      <Extensions>cpp;c;cc;cxx;c++;cppm;ixx;def;odl;idl;hpj;bat;asm;asmx</Extensions>
    </Filter>
    <Filter Include="헤더 파일">
      <UniqueIdentifier>{93995380-89BD-4b04-88EB-625FBE52EBFB}</UniqueIdentifier>
      <Extensions>h;hh;hpp;hxx;h++;hm;inl;inc;ipp;xsd</Extensions>
    </Filter>
    <Filter Include="리소스 파일">
      <UniqueIdentifier>{67DA6AB6-F800-4c08-8B7A-83BB121AAD01}</UniqueIdentifier>
      <Extensions>rc;ico;cur;bmp;dlg;rc2;rct;bin;rgs;gif;jpg;jpeg;jpe;resx;tiff;tif;png;wav;mfcribbon-ms</Extensions>
    </Filter>
    <Filter Include="소스 파일\2023">
      <UniqueIdentifier>{99258d3d-69ef-4a90-84dd-4057bbc60baf}</UniqueIdentifier>
    </Filter>
    <Filter Include="소스 파일\2023\2023/1">
      <UniqueIdentifier>{39acdeb0-80d6-45c4-b2c8-3a73503ede03}</UniqueIdentifier>
    </Filter>
    <Filter Include="소스 파일\2022">
      <UniqueIdentifier>{bcb9e18e-970d-4f73-83fd-4217d5e947e9}</UniqueIdentifier>
    </Filter>
    <Filter Include="소스 파일\2022\August">
      <UniqueIdentifier>{25d56ac0-5cad-484b-a653-f04306c427bc}</UniqueIdentifier>
    </Filter>
    <Filter Include="소스 파일\2022\February">
      <UniqueIdentifier>{f7851a53-7735-44b6-96ec-9d46673c5d46}</UniqueIdentifier>
    </Filter>
    <Filter Include="소스 파일\2022\January">
      <UniqueIdentifier>{af88158b-28ab-4a8b-b71f-86b581d2c240}</UniqueIdentifier>
    </Filter>
    <Filter Include="소스 파일\2022\July">
      <UniqueIdentifier>{06ccaa0b-2874-409f-b25e-388429c8b830}</UniqueIdentifier>
    </Filter>
    <Filter Include="소스 파일\2022\November">
      <UniqueIdentifier>{a9302fad-c319-4a9c-8521-ba9e2906a721}</UniqueIdentifier>
    </Filter>
    <Filter Include="소스 파일\2022\September">
      <UniqueIdentifier>{da058425-27f8-4a4e-98ad-a294380b69c5}</UniqueIdentifier>
    </Filter>
    <Filter Include="소스 파일\2023\2023/2">
      <UniqueIdentifier>{d5bfc54d-ce82-40e8-8ea0-645d46d2e281}</UniqueIdentifier>
    </Filter>
    <Filter Include="소스 파일\2023\2023/3">
      <UniqueIdentifier>{eafd6720-7eeb-4231-ba20-d170593c5702}</UniqueIdentifier>
    </Filter>
    <Filter Include="소스 파일\2023\2023/5">
      <UniqueIdentifier>{8fa36dde-5be8-4b68-97da-f0553ae2904d}</UniqueIdentifier>
    </Filter>
    <Filter Include="소스 파일\2023\2023/6">
      <UniqueIdentifier>{61d0f07e-d6a1-497c-8ef8-2d6449204d25}</UniqueIdentifier>
    </Filter>
    <Filter Include="소스 파일\2023\2023/7">
      <UniqueIdentifier>{6c4a9258-b87e-41d3-b8c6-372cd1edee17}</UniqueIdentifier>
    </Filter>
    <Filter Include="소스 파일\2023\2023/8">
      <UniqueIdentifier>{b768c1b3-bc75-4431-ae50-e857b3efbbc2}</UniqueIdentifier>
    </Filter>
  </ItemGroup>
  <ItemGroup>
    <ClCompile Include="22.01.21.cpp">
      <Filter>소스 파일\2022\January</Filter>
    </ClCompile>
    <ClCompile Include="22.01.24.cpp">
      <Filter>소스 파일\2022\January</Filter>
    </ClCompile>
    <ClCompile Include="22.01.26_programmers.cpp">
      <Filter>소스 파일\2022\January</Filter>
    </ClCompile>
    <ClCompile Include="22.01.27.cpp">
      <Filter>소스 파일\2022\January</Filter>
    </ClCompile>
    <ClCompile Include="22_01_10.cpp">
      <Filter>소스 파일\2022\January</Filter>
    </ClCompile>
    <ClCompile Include="22_01_11.cpp">
      <Filter>소스 파일\2022\January</Filter>
    </ClCompile>
    <ClCompile Include="22_01_12.cpp">
      <Filter>소스 파일\2022\January</Filter>
    </ClCompile>
    <ClCompile Include="22_01_13.cpp">
      <Filter>소스 파일\2022\January</Filter>
    </ClCompile>
    <ClCompile Include="문자열_번갈아.cpp">
      <Filter>소스 파일\2022\January</Filter>
    </ClCompile>
    <ClCompile Include="22_02_08.cpp">
      <Filter>소스 파일\2022\February</Filter>
    </ClCompile>
    <ClCompile Include="22_02_08_2.cpp">
      <Filter>소스 파일\2022\February</Filter>
    </ClCompile>
    <ClCompile Include="22_02_08_3cpp.cpp">
      <Filter>소스 파일\2022\February</Filter>
    </ClCompile>
    <ClCompile Include="22_02_09.cpp">
      <Filter>소스 파일\2022\February</Filter>
    </ClCompile>
    <ClCompile Include="22_02_09_2.cpp">
      <Filter>소스 파일\2022\February</Filter>
    </ClCompile>
    <ClCompile Include="22_02_09_3.cpp">
      <Filter>소스 파일\2022\February</Filter>
    </ClCompile>
    <ClCompile Include="22_02_09_4.cpp">
      <Filter>소스 파일\2022\February</Filter>
    </ClCompile>
    <ClCompile Include="22_02_10.cpp">
      <Filter>소스 파일\2022\February</Filter>
    </ClCompile>
    <ClCompile Include="22_02_10_2.cpp">
      <Filter>소스 파일\2022\February</Filter>
    </ClCompile>
    <ClCompile Include="22_02_14.cpp">
      <Filter>소스 파일\2022\February</Filter>
    </ClCompile>
    <ClCompile Include="22_02_14_2.cpp">
      <Filter>소스 파일\2022\February</Filter>
    </ClCompile>
    <ClCompile Include="22_02_15.cpp">
      <Filter>소스 파일\2022\February</Filter>
    </ClCompile>
    <ClCompile Include="22_02_15_2.cpp">
      <Filter>소스 파일\2022\February</Filter>
    </ClCompile>
    <ClCompile Include="22_02_16_1.cpp">
      <Filter>소스 파일\2022\February</Filter>
    </ClCompile>
    <ClCompile Include="22_02_17.cpp">
      <Filter>소스 파일\2022\February</Filter>
    </ClCompile>
    <ClCompile Include="22_02_21.cpp">
      <Filter>소스 파일\2022\February</Filter>
    </ClCompile>
    <ClCompile Include="22_2_22.cpp">
      <Filter>소스 파일\2022\February</Filter>
    </ClCompile>
    <ClCompile Include="22_2_22_2.cpp">
      <Filter>소스 파일\2022\February</Filter>
    </ClCompile>
    <ClCompile Include="22_02_23.cpp">
      <Filter>소스 파일\2022\February</Filter>
    </ClCompile>
    <ClCompile Include="22_02_23_2.cpp">
      <Filter>소스 파일\2022\February</Filter>
    </ClCompile>
    <ClCompile Include="22_02_24.cpp">
      <Filter>소스 파일\2022\February</Filter>
    </ClCompile>
    <ClCompile Include="22_02_24_2.cpp">
      <Filter>소스 파일\2022\February</Filter>
    </ClCompile>
    <ClCompile Include="22_07_27_baeckjoon2480.cpp">
      <Filter>소스 파일\2022\July</Filter>
    </ClCompile>
    <ClCompile Include="22_07_27_backjoon_4673.cpp">
      <Filter>소스 파일\2022\July</Filter>
    </ClCompile>
    <ClCompile Include="22_07_29_1.cpp">
      <Filter>소스 파일\2022\July</Filter>
    </ClCompile>
    <ClCompile Include="22_08_02.cpp">
      <Filter>소스 파일\2022\August</Filter>
    </ClCompile>
    <ClCompile Include="22_08_02_2.cpp">
      <Filter>소스 파일\2022\August</Filter>
    </ClCompile>
    <ClCompile Include="22_08_03_1.cpp">
      <Filter>소스 파일\2022\August</Filter>
    </ClCompile>
    <ClCompile Include="22_08_04.cpp">
      <Filter>소스 파일\2022\August</Filter>
    </ClCompile>
    <ClCompile Include="22_08_05.cpp">
      <Filter>소스 파일\2022\August</Filter>
    </ClCompile>
    <ClCompile Include="22_08_08.cpp">
      <Filter>소스 파일\2022\August</Filter>
    </ClCompile>
    <ClCompile Include="22_08_09.cpp">
      <Filter>소스 파일\2022\August</Filter>
    </ClCompile>
    <ClCompile Include="22_08_10.cpp">
      <Filter>소스 파일\2022\August</Filter>
    </ClCompile>
    <ClCompile Include="22_08_11.cpp">
      <Filter>소스 파일\2022\August</Filter>
    </ClCompile>
    <ClCompile Include="22_08_12.cpp">
      <Filter>소스 파일\2022\August</Filter>
    </ClCompile>
    <ClCompile Include="22_08_15.cpp">
      <Filter>소스 파일\2022\August</Filter>
    </ClCompile>
    <ClCompile Include="22_08_16.cpp">
      <Filter>소스 파일\2022\August</Filter>
    </ClCompile>
    <ClCompile Include="22_08_17.cpp">
      <Filter>소스 파일\2022\August</Filter>
    </ClCompile>
    <ClCompile Include="22_08_18.cpp">
      <Filter>소스 파일\2022\August</Filter>
    </ClCompile>
    <ClCompile Include="22_08_19.cpp">
      <Filter>소스 파일\2022\August</Filter>
    </ClCompile>
    <ClCompile Include="22_08_22.cpp">
      <Filter>소스 파일\2022\August</Filter>
    </ClCompile>
    <ClCompile Include="22_08_23.cpp">
      <Filter>소스 파일\2022\August</Filter>
    </ClCompile>
    <ClCompile Include="22_08_24.cpp">
      <Filter>소스 파일\2022\August</Filter>
    </ClCompile>
    <ClCompile Include="22_08_25.cpp">
      <Filter>소스 파일\2022\August</Filter>
    </ClCompile>
    <ClCompile Include="22_08_26.cpp">
      <Filter>소스 파일\2022\August</Filter>
    </ClCompile>
    <ClCompile Include="22_08_28.cpp">
      <Filter>소스 파일\2022\August</Filter>
    </ClCompile>
    <ClCompile Include="22_09_01.cpp">
      <Filter>소스 파일\2022\September</Filter>
    </ClCompile>
    <ClCompile Include="22_09_06.cpp">
      <Filter>소스 파일\2022\September</Filter>
    </ClCompile>
    <ClCompile Include="22_09_13.cpp">
      <Filter>소스 파일\2022\September</Filter>
    </ClCompile>
    <ClCompile Include="22_09_14.cpp">
      <Filter>소스 파일\2022\September</Filter>
    </ClCompile>
    <ClCompile Include="2022_09_22.cpp">
      <Filter>소스 파일\2022\September</Filter>
    </ClCompile>
    <ClCompile Include="22_11_16.cpp">
      <Filter>소스 파일\2022\November</Filter>
    </ClCompile>
    <ClCompile Include="greedy1.cpp">
      <Filter>소스 파일\2023\2023/1</Filter>
    </ClCompile>
    <ClCompile Include="1.23.cpp">
      <Filter>소스 파일\2023\2023/1</Filter>
    </ClCompile>
    <ClCompile Include="1.27.cpp">
      <Filter>소스 파일\2023\2023/1</Filter>
    </ClCompile>
    <ClCompile Include="2_2.cpp">
      <Filter>소스 파일\2023\2023/2</Filter>
    </ClCompile>
    <ClCompile Include="2_28.cpp">
      <Filter>소스 파일\2023\2023/2</Filter>
    </ClCompile>
    <ClCompile Include="3_2.cpp">
      <Filter>소스 파일\2023\2023/3</Filter>
    </ClCompile>
    <ClCompile Include="3_11.cpp">
      <Filter>소스 파일\2023\2023/3</Filter>
    </ClCompile>
    <ClCompile Include="3_21.cpp">
      <Filter>소스 파일\2023\2023/3</Filter>
    </ClCompile>
    <ClCompile Include="3_31.c">
      <Filter>소스 파일\2023\2023/3</Filter>
    </ClCompile>
    <ClCompile Include="05_17.cpp">
      <Filter>소스 파일\2023\2023/5</Filter>
    </ClCompile>
    <ClCompile Include="5_17_2.cpp">
      <Filter>소스 파일\2023\2023/5</Filter>
    </ClCompile>
    <ClCompile Include="5_17_3.cpp">
      <Filter>소스 파일\2023\2023/5</Filter>
    </ClCompile>
    <ClCompile Include="6_21.cpp">
      <Filter>소스 파일\2023\2023/6</Filter>
    </ClCompile>
    <ClCompile Include="6_27.cpp">
      <Filter>소스 파일\2023\2023/6</Filter>
    </ClCompile>
    <ClCompile Include="6_28.cpp">
      <Filter>소스 파일\2023\2023/6</Filter>
    </ClCompile>
    <ClCompile Include="6_29.cpp">
      <Filter>소스 파일\2023\2023/6</Filter>
    </ClCompile>
    <ClCompile Include="07_04.cpp">
      <Filter>소스 파일\2023\2023/7</Filter>
    </ClCompile>
    <ClCompile Include="07_05.cpp">
      <Filter>소스 파일\2023\2023/7</Filter>
    </ClCompile>
    <ClCompile Include="07_06.cpp">
      <Filter>소스 파일\2023\2023/7</Filter>
    </ClCompile>
    <ClCompile Include="07_07.cpp">
      <Filter>소스 파일\2023\2023/7</Filter>
    </ClCompile>
    <ClCompile Include="07_08.cpp">
      <Filter>소스 파일\2023\2023/7</Filter>
    </ClCompile>
    <ClCompile Include="07_10.cpp">
      <Filter>소스 파일\2023\2023/7</Filter>
    </ClCompile>
    <ClCompile Include="07_11.cpp">
      <Filter>소스 파일\2023\2023/7</Filter>
    </ClCompile>
    <ClCompile Include="07_12.cpp">
      <Filter>소스 파일\2023\2023/7</Filter>
    </ClCompile>
    <ClCompile Include="07_13.cpp">
      <Filter>소스 파일\2023\2023/7</Filter>
    </ClCompile>
    <ClCompile Include="07_14.cpp">
      <Filter>소스 파일\2023\2023/7</Filter>
    </ClCompile>
    <ClCompile Include="07_18.cpp">
      <Filter>소스 파일\2023\2023/7</Filter>
    </ClCompile>
    <ClCompile Include="07_24.cpp">
      <Filter>소스 파일\2023\2023/7</Filter>
    </ClCompile>
    <ClCompile Include="07_25.cpp">
      <Filter>소스 파일\2023\2023/7</Filter>
    </ClCompile>
    <ClCompile Include="07_26.cpp">
      <Filter>소스 파일\2023\2023/7</Filter>
    </ClCompile>
    <ClCompile Include="07_28.cpp">
      <Filter>소스 파일\2023\2023/7</Filter>
    </ClCompile>
    <ClCompile Include="07_31.cpp">
      <Filter>소스 파일\2023\2023/7</Filter>
    </ClCompile>
    <ClCompile Include="08_01.cpp">
      <Filter>소스 파일\2023\2023/8</Filter>
    </ClCompile>
    <ClCompile Include="08_02.cpp">
      <Filter>소스 파일\2023\2023/8</Filter>
    </ClCompile>
    <ClCompile Include="08_03.cpp">
      <Filter>소스 파일\2023\2023/8</Filter>
    </ClCompile>
    <ClCompile Include="08_04.cpp">
      <Filter>소스 파일\2023\2023/8</Filter>
    </ClCompile>
    <ClCompile Include="08_07.cpp">
      <Filter>소스 파일\2023\2023/8</Filter>
    </ClCompile>
    <ClCompile Include="08_09.cpp">
      <Filter>소스 파일\2023\2023/8</Filter>
    </ClCompile>
    <ClCompile Include="08_10.cpp">
      <Filter>소스 파일\2023\2023/8</Filter>
    </ClCompile>
  </ItemGroup>
</Project>